{
  "pins" : [
    {
      "identity" : "strada-ios",
      "kind" : "remoteSourceControl",
      "location" : "https://github.com/hotwired/strada-ios",
      "state" : {
        "branch" : "main",
        "revision" : "a44a86d4bab98d29cbba31446ee4834670613119"
      }
    },
    {
      "identity" : "turbo-ios",
      "kind" : "remoteSourceControl",
      "location" : "https://github.com/hotwired/turbo-ios",
      "state" : {
        "branch" : "turbo-navigator",
        "revision" : "15a9958e0d0216ed30f29c78deb146e962e1564d"
      }
    }
  ],
  "version" : 2
}
